
Microsoft Visual Studio Solution File, Format Version 12.00
# Visual Studio Version 16
VisualStudioVersion = 16.0.33423.256
MinimumVisualStudioVersion = 10.0.40219.1
Project("{FAE04EC0-301F-11D3-BF4B-00C04F79EFBC}") = "kursovaya", "kursovaya\kursovaya.csproj", "{166A37D3-C2D8-4216-AEA7-07DCA20C1ADB}"
EndProject
Global
	GlobalSection(SolutionConfigurationPlatforms) = preSolution
		Debug|Any CPU = Debug|Any CPU
		Release|Any CPU = Release|Any CPU
	EndGlobalSection
	GlobalSection(ProjectConfigurationPlatforms) = postSolution
		{166A37D3-C2D8-4216-AEA7-07DCA20C1ADB}.Debug|Any CPU.ActiveCfg = Debug|Any CPU
		{166A37D3-C2D8-4216-AEA7-07DCA20C1ADB}.Debug|Any CPU.Build.0 = Debug|Any CPU
		{166A37D3-C2D8-4216-AEA7-07DCA20C1ADB}.Release|Any CPU.ActiveCfg = Release|Any CPU
		{166A37D3-C2D8-4216-AEA7-07DCA20C1ADB}.Release|Any CPU.Build.0 = Release|Any CPU
	EndGlobalSection
	GlobalSection(SolutionProperties) = preSolution
		HideSolutionNode = FALSE
	EndGlobalSection
	GlobalSection(ExtensibilityGlobals) = postSolution
		SolutionGuid = {756AD4F8-797E-4E26-B575-06A493746BEE}
	EndGlobalSection
EndGlobal
